Microsoft Visual Studio Solution File, Format Version 12.00
# Visual Studio Version 17
VisualStudioVersion = 17.5.2.0
MinimumVisualStudioVersion = 10.0.40219.1
Project("{FAE04EC0-301F-11D3-BF4B-00C04F79EFBC}") = "Temp_Reader", "Temp_Reader\Temp_Reader.csproj", "{E5A134A2-1137-6B92-242A-EBF09A5798AA}"
EndProject
Global
	GlobalSection(SolutionConfigurationPlatforms) = preSolution
		Debug|Any CPU = Debug|Any CPU
		Release|Any CPU = Release|Any CPU
	EndGlobalSection
	GlobalSection(ProjectConfigurationPlatforms) = postSolution
		{E5A134A2-1137-6B92-242A-EBF09A5798AA}.Debug|Any CPU.ActiveCfg = Debug|Any CPU
		{E5A134A2-1137-6B92-242A-EBF09A5798AA}.Debug|Any CPU.Build.0 = Debug|Any CPU
		{E5A134A2-1137-6B92-242A-EBF09A5798AA}.Release|Any CPU.ActiveCfg = Release|Any CPU
		{E5A134A2-1137-6B92-242A-EBF09A5798AA}.Release|Any CPU.Build.0 = Release|Any CPU
	EndGlobalSection
	GlobalSection(SolutionProperties) = preSolution
		HideSolutionNode = FALSE
	EndGlobalSection
	GlobalSection(ExtensibilityGlobals) = postSolution
		SolutionGuid = {F8D7926A-A227-427E-B184-1E0699EC948D}
	EndGlobalSection
EndGlobal
